<Solution>
  <Configurations>
    <Platform Name="x64" />
  </Configurations>
  <Project Path="1.Array/1.Array.vcxproj" Id="4c755d20-370f-40ff-ae09-0ac7b3e16cc4" />
  <Project Path="2.List/2.List.vcxproj" Id="6d03c39a-3bba-4498-9ed6-beedec54dba5" />
  <Project Path="3.LinkedList/3.LinkedList.vcxproj" Id="8dbcb824-881d-465d-bcc8-ea82da9a20de" />
  <Project Path="4.DoublyLinkedList/4.DoublyLinkedList.vcxproj" Id="d3b42b75-6be6-4941-ba37-ee687f8c856f" />
</Solution>
